
Microsoft Visual Studio Solution File, Format Version 12.00
# Visual Studio Version 17
VisualStudioVersion = 17.14.36202.13
MinimumVisualStudioVersion = 10.0.40219.1
Project("{FAE04EC0-301F-11D3-BF4B-00C04F79EFBC}") = "AsyncWebDownloader.Core", "AsyncWebDownloader.Core.csproj", "{9A6E109F-6633-CB12-956C-C5E95547785C}"
EndProject
Project("{FAE04EC0-301F-11D3-BF4B-00C04F79EFBC}") = "AsyncWebDownloader.Console", "AsyncWebDownloader.Console\AsyncWebDownloader.Console.csproj", "{1C272915-656C-0557-CAFE-529751B616A1}"
EndProject
Project("{FAE04EC0-301F-11D3-BF4B-00C04F79EFBC}") = "AsyncWebDownloader.Tests", "AsyncWebDownloader.Tests\AsyncWebDownloader.Tests.csproj", "{38EA96C6-F037-AA40-4DED-52620B0398A4}"
EndProject
Global
	GlobalSection(SolutionConfigurationPlatforms) = preSolution
		Debug|Any CPU = Debug|Any CPU
		Release|Any CPU = Release|Any CPU
	EndGlobalSection
	GlobalSection(ProjectConfigurationPlatforms) = postSolution
		{9A6E109F-6633-CB12-956C-C5E95547785C}.Debug|Any CPU.ActiveCfg = Debug|Any CPU
		{9A6E109F-6633-CB12-956C-C5E95547785C}.Debug|Any CPU.Build.0 = Debug|Any CPU
		{9A6E109F-6633-CB12-956C-C5E95547785C}.Release|Any CPU.ActiveCfg = Release|Any CPU
		{9A6E109F-6633-CB12-956C-C5E95547785C}.Release|Any CPU.Build.0 = Release|Any CPU
		{1C272915-656C-0557-CAFE-529751B616A1}.Debug|Any CPU.ActiveCfg = Debug|Any CPU
		{1C272915-656C-0557-CAFE-529751B616A1}.Debug|Any CPU.Build.0 = Debug|Any CPU
		{1C272915-656C-0557-CAFE-529751B616A1}.Release|Any CPU.ActiveCfg = Release|Any CPU
		{1C272915-656C-0557-CAFE-529751B616A1}.Release|Any CPU.Build.0 = Release|Any CPU
		{38EA96C6-F037-AA40-4DED-52620B0398A4}.Debug|Any CPU.ActiveCfg = Debug|Any CPU
		{38EA96C6-F037-AA40-4DED-52620B0398A4}.Debug|Any CPU.Build.0 = Debug|Any CPU
		{38EA96C6-F037-AA40-4DED-52620B0398A4}.Release|Any CPU.ActiveCfg = Release|Any CPU
		{38EA96C6-F037-AA40-4DED-52620B0398A4}.Release|Any CPU.Build.0 = Release|Any CPU
	EndGlobalSection
	GlobalSection(SolutionProperties) = preSolution
		HideSolutionNode = FALSE
	EndGlobalSection
	GlobalSection(ExtensibilityGlobals) = postSolution
		SolutionGuid = {220EDB7F-6E5D-473B-A85F-82E6E6D4D039}
	EndGlobalSection
EndGlobal
